
Microsoft Visual Studio Solution File, Format Version 12.00
# Visual Studio 15
Project("{FAE04EC0-301F-11D3-BF4B-00C04F79EFBC}") = "PC_chess", "Assembly-CSharp.csproj", "{369D5714-42DC-BC9A-B5DD-760719466DDE}"
EndProject
Project("{FAE04EC0-301F-11D3-BF4B-00C04F79EFBC}") = "PC_chess", "Assembly-CSharp-Editor.csproj", "{8C660A8F-8CCA-E863-1BF8-16E0FCFE69A9}"
EndProject
Global
	GlobalSection(SolutionConfigurationPlatforms) = preSolution
		Debug|Any CPU = Debug|Any CPU
		Release|Any CPU = Release|Any CPU
	EndGlobalSection
	GlobalSection(ProjectConfigurationPlatforms) = postSolution
		{369D5714-42DC-BC9A-B5DD-760719466DDE}.Debug|Any CPU.ActiveCfg = Debug|Any CPU
		{369D5714-42DC-BC9A-B5DD-760719466DDE}.Debug|Any CPU.Build.0 = Debug|Any CPU
		{369D5714-42DC-BC9A-B5DD-760719466DDE}.Release|Any CPU.ActiveCfg = Release|Any CPU
		{369D5714-42DC-BC9A-B5DD-760719466DDE}.Release|Any CPU.Build.0 = Release|Any CPU
		{8C660A8F-8CCA-E863-1BF8-16E0FCFE69A9}.Debug|Any CPU.ActiveCfg = Debug|Any CPU
		{8C660A8F-8CCA-E863-1BF8-16E0FCFE69A9}.Debug|Any CPU.Build.0 = Debug|Any CPU
		{8C660A8F-8CCA-E863-1BF8-16E0FCFE69A9}.Release|Any CPU.ActiveCfg = Release|Any CPU
		{8C660A8F-8CCA-E863-1BF8-16E0FCFE69A9}.Release|Any CPU.Build.0 = Release|Any CPU
	EndGlobalSection
	GlobalSection(SolutionProperties) = preSolution
		HideSolutionNode = FALSE
	EndGlobalSection
EndGlobal
